
Microsoft Visual Studio Solution File, Format Version 12.00
# Visual Studio Version 16
VisualStudioVersion = 16.0.29709.97
MinimumVisualStudioVersion = 10.0.40219.1
Project("{FAE04EC0-301F-11D3-BF4B-00C04F79EFBC}") = "APO.Picture", "APO.Picture\APO.Picture.csproj", "{CB0BE7C1-8BFB-412A-94CD-FEEDFC02D1BD}"
EndProject
Project("{FAE04EC0-301F-11D3-BF4B-00C04F79EFBC}") = "APO.MorfologicalReconstruction", "APO.Segmentation\APO.MorfologicalReconstruction.csproj", "{6FB2D7E8-70E6-47AD-B195-001247B74642}"
EndProject
Global
	GlobalSection(SolutionConfigurationPlatforms) = preSolution
		Debug|Any CPU = Debug|Any CPU
		Release|Any CPU = Release|Any CPU
	EndGlobalSection
	GlobalSection(ProjectConfigurationPlatforms) = postSolution
		{CB0BE7C1-8BFB-412A-94CD-FEEDFC02D1BD}.Debug|Any CPU.ActiveCfg = Debug|Any CPU
		{CB0BE7C1-8BFB-412A-94CD-FEEDFC02D1BD}.Debug|Any CPU.Build.0 = Debug|Any CPU
		{CB0BE7C1-8BFB-412A-94CD-FEEDFC02D1BD}.Release|Any CPU.ActiveCfg = Release|Any CPU
		{CB0BE7C1-8BFB-412A-94CD-FEEDFC02D1BD}.Release|Any CPU.Build.0 = Release|Any CPU
		{6FB2D7E8-70E6-47AD-B195-001247B74642}.Debug|Any CPU.ActiveCfg = Debug|Any CPU
		{6FB2D7E8-70E6-47AD-B195-001247B74642}.Debug|Any CPU.Build.0 = Debug|Any CPU
		{6FB2D7E8-70E6-47AD-B195-001247B74642}.Release|Any CPU.ActiveCfg = Release|Any CPU
		{6FB2D7E8-70E6-47AD-B195-001247B74642}.Release|Any CPU.Build.0 = Release|Any CPU
	EndGlobalSection
	GlobalSection(SolutionProperties) = preSolution
		HideSolutionNode = FALSE
	EndGlobalSection
	GlobalSection(ExtensibilityGlobals) = postSolution
		SolutionGuid = {7843A7E5-DC8E-4325-A5B7-9E30542F8DC6}
	EndGlobalSection
EndGlobal
